// !$*UTF8*$!
{
	archiveVersion = 1;
	classes = {
	};
	objectVersion = 55;
	objects = {

/* Begin PBXBuildFile section */
		47AE81FC2673C518009F6473 /* iOS_15_SafariApp.swift in Sources */ = {isa = PBXBuildFile; fileRef = 47AE81FB2673C518009F6473 /* iOS_15_SafariApp.swift */; };
		47AE81FE2673C518009F6473 /* ContentView.swift in Sources */ = {isa = PBXBuildFile; fileRef = 47AE81FD2673C518009F6473 /* ContentView.swift */; };
		47AE82002673C519009F6473 /* Assets.xcassets in Resources */ = {isa = PBXBuildFile; fileRef = 47AE81FF2673C519009F6473 /* Assets.xcassets */; };
		47AE82032673C519009F6473 /* Preview Assets.xcassets in Resources */ = {isa = PBXBuildFile; fileRef = 47AE82022673C519009F6473 /* Preview Assets.xcassets */; };
		47AE820A2673C520009F6473 /* Blur.swift in Sources */ = {isa = PBXBuildFile; fileRef = 47AE82092673C520009F6473 /* Blur.swift */; };
		47AE820C2673C544009F6473 /* AnimatableFontModifier.swift in Sources */ = {isa = PBXBuildFile; fileRef = 47AE820B2673C544009F6473 /* AnimatableFontModifier.swift */; };
		47AE820E2673C557009F6473 /* WebView.swift in Sources */ = {isa = PBXBuildFile; fileRef = 47AE820D2673C557009F6473 /* WebView.swift */; };
		47AE82102673C56C009F6473 /* AddressBar.swift in Sources */ = {isa = PBXBuildFile; fileRef = 47AE820F2673C56C009F6473 /* AddressBar.swift */; };
/* End PBXBuildFile section */

/* Begin PBXFileReference section */
		47AE81F82673C518009F6473 /* iOS_15_Safari.app */ = {isa = PBXFileReference; explicitFileType = wrapper.application; includeInIndex = 0; path = iOS_15_Safari.app; sourceTree = BUILT_PRODUCTS_DIR; };
		47AE81FB2673C518009F6473 /* iOS_15_SafariApp.swift */ = {isa = PBXFileReference; lastKnownFileType = sourcecode.swift; path = iOS_15_SafariApp.swift; sourceTree = "<group>"; };
		47AE81FD2673C518009F6473 /* ContentView.swift */ = {isa = PBXFileReference; lastKnownFileType = sourcecode.swift; path = ContentView.swift; sourceTree = "<group>"; };
		47AE81FF2673C519009F6473 /* Assets.xcassets */ = {isa = PBXFileReference; lastKnownFileType = folder.assetcatalog; path = Assets.xcassets; sourceTree = "<group>"; };
		47AE82022673C519009F6473 /* Preview Assets.xcassets */ = {isa = PBXFileReference; lastKnownFileType = folder.assetcatalog; path = "Preview Assets.xcassets"; sourceTree = "<group>"; };
		47AE82092673C520009F6473 /* Blur.swift */ = {isa = PBXFileReference; lastKnownFileType = sourcecode.swift; path = Blur.swift; sourceTree = "<group>"; };
		47AE820B2673C544009F6473 /* AnimatableFontModifier.swift */ = {isa = PBXFileReference; lastKnownFileType = sourcecode.swift; path = AnimatableFontModifier.swift; sourceTree = "<group>"; };
		47AE820D2673C557009F6473 /* WebView.swift */ = {isa = PBXFileReference; lastKnownFileType = sourcecode.swift; path = WebView.swift; sourceTree = "<group>"; };
		47AE820F2673C56C009F6473 /* AddressBar.swift */ = {isa = PBXFileReference; lastKnownFileType = sourcecode.swift; path = AddressBar.swift; sourceTree = "<group>"; };
/* End PBXFileReference section */

/* Begin PBXFrameworksBuildPhase section */
		47AE81F52673C518009F6473 /* Frameworks */ = {
			isa = PBXFrameworksBuildPhase;
			buildActionMask = 2147483647;
			files = (
			);
			runOnlyForDeploymentPostprocessing = 0;
		};
/* End PBXFrameworksBuildPhase section */

/* Begin PBXGroup section */
		47AE81EF2673C518009F6473 = {
			isa = PBXGroup;
			children = (
				47AE81FA2673C518009F6473 /* iOS_15_Safari */,
				47AE81F92673C518009F6473 /* Products */,
			);
			sourceTree = "<group>";
		};
		47AE81F92673C518009F6473 /* Products */ = {
			isa = PBXGroup;
			children = (
				47AE81F82673C518009F6473 /* iOS_15_Safari.app */,
			);
			name = Products;
			sourceTree = "<group>";
		};
		47AE81FA2673C518009F6473 /* iOS_15_Safari */ = {
			isa = PBXGroup;
			children = (
				47AE81FB2673C518009F6473 /* iOS_15_SafariApp.swift */,
				47AE81FD2673C518009F6473 /* ContentView.swift */,
				47AE82092673C520009F6473 /* Blur.swift */,
				47AE820B2673C544009F6473 /* AnimatableFontModifier.swift */,
				47AE820D2673C557009F6473 /* WebView.swift */,
				47AE820F2673C56C009F6473 /* AddressBar.swift */,
				47AE81FF2673C519009F6473 /* Assets.xcassets */,
				47AE82012673C519009F6473 /* Preview Content */,
			);
			path = iOS_15_Safari;
			sourceTree = "<group>";
		};
		47AE82012673C519009F6473 /* Preview Content */ = {
			isa = PBXGroup;
			children = (
				47AE82022673C519009F6473 /* Preview Assets.xcassets */,
			);
			path = "Preview Content";
			sourceTree = "<group>";
		};
/* End PBXGroup section */

/* Begin PBXNativeTarget section */
		47AE81F72673C518009F6473 /* iOS_15_Safari */ = {
			isa = PBXNativeTarget;
			buildConfigurationList = 47AE82062673C519009F6473 /* Build configuration list for PBXNativeTarget "iOS_15_Safari" */;
			buildPhases = (
				47AE81F42673C518009F6473 /* Sources */,
				47AE81F52673C518009F6473 /* Frameworks */,
				47AE81F62673C518009F6473 /* Resources */,
			);
			buildRules = (
			);
			dependencies = (
			);
			name = iOS_15_Safari;
			productName = iOS_15_Safari;
			productReference = 47AE81F82673C518009F6473 /* iOS_15_Safari.app */;
			productType = "com.apple.product-type.application";
		};
/* End PBXNativeTarget section */

/* Begin PBXProject section */
		47AE81F02673C518009F6473 /* Project object */ = {
			isa = PBXProject;
			attributes = {
				BuildIndependentTargetsInParallel = 1;
				LastSwiftUpdateCheck = 1300;
				LastUpgradeCheck = 1300;
				TargetAttributes = {
					47AE81F72673C518009F6473 = {
						CreatedOnToolsVersion = 13.0;
					};
				};
			};
			buildConfigurationList = 47AE81F32673C518009F6473 /* Build configuration list for PBXProject "iOS_15_Safari" */;
			compatibilityVersion = "Xcode 13.0";
			developmentRegion = en;
			hasScannedForEncodings = 0;
			knownRegions = (
				en,
				Base,
			);
			mainGroup = 47AE81EF2673C518009F6473;
			productRefGroup = 47AE81F92673C518009F6473 /* Products */;
			projectDirPath = "";
			projectRoot = "";
			targets = (
				47AE81F72673C518009F6473 /* iOS_15_Safari */,
			);
		};
/* End PBXProject section */

/* Begin PBXResourcesBuildPhase section */
		47AE81F62673C518009F6473 /* Resources */ = {
			isa = PBXResourcesBuildPhase;
			buildActionMask = 2147483647;
			files = (
				47AE82032673C519009F6473 /* Preview Assets.xcassets in Resources */,
				47AE82002673C519009F6473 /* Assets.xcassets in Resources */,
			);
			runOnlyForDeploymentPostprocessing = 0;
		};
/* End PBXResourcesBuildPhase section */

/* Begin PBXSourcesBuildPhase section */
		47AE81F42673C518009F6473 /* Sources */ = {
			isa = PBXSourcesBuildPhase;
			buildActionMask = 2147483647;
			files = (
				47AE82102673C56C009F6473 /* AddressBar.swift in Sources */,
				47AE820A2673C520009F6473 /* Blur.swift in Sources */,
				47AE820E2673C557009F6473 /* WebView.swift in Sources */,
				47AE81FE2673C518009F6473 /* ContentView.swift in Sources */,
				47AE81FC2673C518009F6473 /* iOS_15_SafariApp.swift in Sources */,
				47AE820C2673C544009F6473 /* AnimatableFontModifier.swift in Sources */,
			);
			runOnlyForDeploymentPostprocessing = 0;
		};
/* End PBXSourcesBuildPhase section */

/* Begin XCBuildConfiguration section */
		47AE82042673C519009F6473 /* Debug */ = {
			isa = XCBuildConfiguration;
			buildSettings = {
				ALWAYS_SEARCH_USER_PATHS = NO;
				CLANG_ANALYZER_NONNULL = YES;
				CLANG_ANALYZER_NUMBER_OBJECT_CONVERSION = YES_AGGRESSIVE;
				CLANG_CXX_LANGUAGE_STANDARD = "gnu++14";
				CLANG_CXX_LIBRARY = "libc++";
				CLANG_ENABLE_MODULES = YES;
				CLANG_ENABLE_OBJC_ARC = YES;
				CLANG_ENABLE_OBJC_WEAK = YES;
				CLANG_WARN_BLOCK_CAPTURE_AUTORELEASING = YES;
				CLANG_WARN_BOOL_CONVERSION = YES;
				CLANG_WARN_COMMA = YES;
				CLANG_WARN_CONSTANT_CONVERSION = YES;
				CLANG_WARN_DEPRECATED_OBJC_IMPLEMENTATIONS = YES;
				CLANG_WARN_DIRECT_OBJC_ISA_USAGE = YES_ERROR;
				CLANG_WARN_DOCUMENTATION_COMMENTS = YES;
				CLANG_WARN_EMPTY_BODY = YES;
				CLANG_WARN_ENUM_CONVERSION = YES;
				CLANG_WARN_INFINITE_RECURSION = YES;
				CLANG_WARN_INT_CONVERSION = YES;
				CLANG_WARN_NON_LITERAL_NULL_CONVERSION = YES;
				CLANG_WARN_OBJC_IMPLICIT_RETAIN_SELF = YES;
				CLANG_WARN_OBJC_LITERAL_CONVERSION = YES;
				CLANG_WARN_OBJC_ROOT_CLASS = YES_ERROR;
				CLANG_WARN_QUOTED_INCLUDE_IN_FRAMEWORK_HEADER = YES;
				CLANG_WARN_RANGE_LOOP_ANALYSIS = YES;
				CLANG_WARN_STRICT_PROTOTYPES = YES;
				CLANG_WARN_SUSPICIOUS_MOVE = YES;
				CLANG_WARN_UNGUARDED_AVAILABILITY = YES_AGGRESSIVE;
				CLANG_WARN_UNREACHABLE_CODE = YES;
				CLANG_WARN__DUPLICATE_METHOD_MATCH = YES;
				COPY_PHASE_STRIP = NO;
				DEBUG_INFORMATION_FORMAT = dwarf;
				ENABLE_STRICT_OBJC_MSGSEND = YES;
				ENABLE_TESTABILITY = YES;
				GCC_C_LANGUAGE_STANDARD = gnu11;
				GCC_DYNAMIC_NO_PIC = NO;
				GCC_NO_COMMON_BLOCKS = YES;
				GCC_OPTIMIZATION_LEVEL = 0;
				GCC_PREPROCESSOR_DEFINITIONS = (
					"DEBUG=1",
					"$(inherited)",
				);
				GCC_WARN_64_TO_32_BIT_CONVERSION = YES;
				GCC_WARN_ABOUT_RETURN_TYPE = YES_ERROR;
				GCC_WARN_UNDECLARED_SELECTOR = YES;
				GCC_WARN_UNINITIALIZED_AUTOS = YES_AGGRESSIVE;
				GCC_WARN_UNUSED_FUNCTION = YES;
				GCC_WARN_UNUSED_VARIABLE = YES;
				IPHONEOS_DEPLOYMENT_TARGET = 15.0;
				MTL_ENABLE_DEBUG_INFO = INCLUDE_SOURCE;
				MTL_FAST_MATH = YES;
				ONLY_ACTIVE_ARCH = YES;
				SDKROOT = iphoneos;
				SWIFT_ACTIVE_COMPILATION_CONDITIONS = DEBUG;
				SWIFT_OPTIMIZATION_LEVEL = "-Onone";
			};
			name = Debug;
		};
		47AE82052673C519009F6473 /* Release */ = {
			isa = XCBuildConfiguration;
			buildSettings = {
				ALWAYS_SEARCH_USER_PATHS = NO;
				CLANG_ANALYZER_NONNULL = YES;
				CLANG_ANALYZER_NUMBER_OBJECT_CONVERSION = YES_AGGRESSIVE;
				CLANG_CXX_LANGUAGE_STANDARD = "gnu++14";
				CLANG_CXX_LIBRARY = "libc++";
				CLANG_ENABLE_MODULES = YES;
				CLANG_ENABLE_OBJC_ARC = YES;
				CLANG_ENABLE_OBJC_WEAK = YES;
				CLANG_WARN_BLOCK_CAPTURE_AUTORELEASING = YES;
				CLANG_WARN_BOOL_CONVERSION = YES;
				CLANG_WARN_COMMA = YES;
				CLANG_WARN_CONSTANT_CONVERSION = YES;
				CLANG_WARN_DEPRECATED_OBJC_IMPLEMENTATIONS = YES;
				CLANG_WARN_DIRECT_OBJC_ISA_USAGE = YES_ERROR;
				CLANG_WARN_DOCUMENTATION_COMMENTS = YES;
				CLANG_WARN_EMPTY_BODY = YES;
				CLANG_WARN_ENUM_CONVERSION = YES;
				CLANG_WARN_INFINITE_RECURSION = YES;
				CLANG_WARN_INT_CONVERSION = YES;
				CLANG_WARN_NON_LITERAL_NULL_CONVERSION = YES;
				CLANG_WARN_OBJC_IMPLICIT_RETAIN_SELF = YES;
				CLANG_WARN_OBJC_LITERAL_CONVERSION = YES;
				CLANG_WARN_OBJC_ROOT_CLASS = YES_ERROR;
				CLANG_WARN_QUOTED_INCLUDE_IN_FRAMEWORK_HEADER = YES;
				CLANG_WARN_RANGE_LOOP_ANALYSIS = YES;
				CLANG_WARN_STRICT_PROTOTYPES = YES;
				CLANG_WARN_SUSPICIOUS_MOVE = YES;
				CLANG_WARN_UNGUARDED_AVAILABILITY = YES_AGGRESSIVE;
				CLANG_WARN_UNREACHABLE_CODE = YES;
				CLANG_WARN__DUPLICATE_METHOD_MATCH = YES;
				COPY_PHASE_STRIP = NO;
				DEBUG_INFORMATION_FORMAT = "dwarf-with-dsym";
				ENABLE_NS_ASSERTIONS = NO;
				ENABLE_STRICT_OBJC_MSGSEND = YES;
				GCC_C_LANGUAGE_STANDARD = gnu11;
				GCC_NO_COMMON_BLOCKS = YES;
				GCC_WARN_64_TO_32_BIT_CONVERSION = YES;
				GCC_WARN_ABOUT_RETURN_TYPE = YES_ERROR;
				GCC_WARN_UNDECLARED_SELECTOR = YES;
				GCC_WARN_UNINITIALIZED_AUTOS = YES_AGGRESSIVE;
				GCC_WARN_UNUSED_FUNCTION = YES;
				GCC_WARN_UNUSED_VARIABLE = YES;
				IPHONEOS_DEPLOYMENT_TARGET = 15.0;
				MTL_ENABLE_DEBUG_INFO = NO;
				MTL_FAST_MATH = YES;
				SDKROOT = iphoneos;
				SWIFT_COMPILATION_MODE = wholemodule;
				SWIFT_OPTIMIZATION_LEVEL = "-O";
				VALIDATE_PRODUCT = YES;
			};
			name = Release;
		};
		47AE82072673C519009F6473 /* Debug */ = {
			isa = XCBuildConfiguration;
			buildSettings = {
				ASSETCATALOG_COMPILER_APPICON_NAME = AppIcon;
				ASSETCATALOG_COMPILER_GLOBAL_ACCENT_COLOR_NAME = AccentColor;
				CODE_SIGN_STYLE = Automatic;
				CURRENT_PROJECT_VERSION = 1;
				DEVELOPMENT_ASSET_PATHS = "\"iOS_15_Safari/Preview Content\"";
				ENABLE_PREVIEWS = YES;
				GENERATE_INFOPLIST_FILE = YES;
				INFOPLIST_KEY_UIApplicationSceneManifest_Generation = YES;
				INFOPLIST_KEY_UIApplicationSupportsIndirectInputEvents = YES;
				INFOPLIST_KEY_UILaunchScreen_Generation = YES;
				INFOPLIST_KEY_UISupportedInterfaceOrientations_iPad = "UIInterfaceOrientationPortrait UIInterfaceOrientationPortraitUpsideDown UIInterfaceOrientationLandscapeLeft UIInterfaceOrientationLandscapeRight";
				INFOPLIST_KEY_UISupportedInterfaceOrientations_iPhone = "UIInterfaceOrientationPortrait UIInterfaceOrientationLandscapeLeft UIInterfaceOrientationLandscapeRight";
				IPHONEOS_DEPLOYMENT_TARGET = 14.0;
				LD_RUNPATH_SEARCH_PATHS = (
					"$(inherited)",
					"@executable_path/Frameworks",
				);
				MARKETING_VERSION = 1.0;
				PRODUCT_BUNDLE_IDENTIFIER = "com.hieudinh.iOS-15-Safari";
				PRODUCT_NAME = "$(TARGET_NAME)";
				SWIFT_EMIT_LOC_STRINGS = YES;
				SWIFT_VERSION = 5.0;
				TARGETED_DEVICE_FAMILY = "1,2";
			};
			name = Debug;
		};
		47AE82082673C519009F6473 /* Release */ = {
			isa = XCBuildConfiguration;
			buildSettings = {
				ASSETCATALOG_COMPILER_APPICON_NAME = AppIcon;
				ASSETCATALOG_COMPILER_GLOBAL_ACCENT_COLOR_NAME = AccentColor;
				CODE_SIGN_STYLE = Automatic;
				CURRENT_PROJECT_VERSION = 1;
				DEVELOPMENT_ASSET_PATHS = "\"iOS_15_Safari/Preview Content\"";
				ENABLE_PREVIEWS = YES;
				GENERATE_INFOPLIST_FILE = YES;
				INFOPLIST_KEY_UIApplicationSceneManifest_Generation = YES;
				INFOPLIST_KEY_UIApplicationSupportsIndirectInputEvents = YES;
				INFOPLIST_KEY_UILaunchScreen_Generation = YES;
				INFOPLIST_KEY_UISupportedInterfaceOrientations_iPad = "UIInterfaceOrientationPortrait UIInterfaceOrientationPortraitUpsideDown UIInterfaceOrientationLandscapeLeft UIInterfaceOrientationLandscapeRight";
				INFOPLIST_KEY_UISupportedInterfaceOrientations_iPhone = "UIInterfaceOrientationPortrait UIInterfaceOrientationLandscapeLeft UIInterfaceOrientationLandscapeRight";
				IPHONEOS_DEPLOYMENT_TARGET = 14.0;
				LD_RUNPATH_SEARCH_PATHS = (
					"$(inherited)",
					"@executable_path/Frameworks",
				);
				MARKETING_VERSION = 1.0;
				PRODUCT_BUNDLE_IDENTIFIER = "com.hieudinh.iOS-15-Safari";
				PRODUCT_NAME = "$(TARGET_NAME)";
				SWIFT_EMIT_LOC_STRINGS = YES;
				SWIFT_VERSION = 5.0;
				TARGETED_DEVICE_FAMILY = "1,2";
			};
			name = Release;
		};
/* End XCBuildConfiguration section */

/* Begin XCConfigurationList section */
		47AE81F32673C518009F6473 /* Build configuration list for PBXProject "iOS_15_Safari" */ = {
			isa = XCConfigurationList;
			buildConfigurations = (
				47AE82042673C519009F6473 /* Debug */,
				47AE82052673C519009F6473 /* Release */,
			);
			defaultConfigurationIsVisible = 0;
			defaultConfigurationName = Release;
		};
		47AE82062673C519009F6473 /* Build configuration list for PBXNativeTarget "iOS_15_Safari" */ = {
			isa = XCConfigurationList;
			buildConfigurations = (
				47AE82072673C519009F6473 /* Debug */,
				47AE82082673C519009F6473 /* Release */,
			);
			defaultConfigurationIsVisible = 0;
			defaultConfigurationName = Release;
		};
/* End XCConfigurationList section */
	};
	rootObject = 47AE81F02673C518009F6473 /* Project object */;
}
